
Microsoft Visual Studio Solution File, Format Version 12.00
# Visual Studio Version 17
VisualStudioVersion = 17.5.33414.496
MinimumVisualStudioVersion = 10.0.40219.1
Project("{2150E333-8FDC-42A3-9474-1A3956D46DE8}") = "src", "src", "{C54A932B-334B-4EC4-8FF0-6B37D80F1825}"
EndProject
Project("{9A19103F-16F7-4668-BE54-9A1E7A4F7556}") = "WebUI", "WebUI\WebUI.csproj", "{67142BF8-B0CC-4E46-B673-2525A874124F}"
EndProject
Project("{9A19103F-16F7-4668-BE54-9A1E7A4F7556}") = "Domain", "Domain\Domain.csproj", "{C209006D-5B54-4ACC-B357-ABC3DEB0E4B0}"
EndProject
Project("{9A19103F-16F7-4668-BE54-9A1E7A4F7556}") = "Application", "Application\Application.csproj", "{52240876-23A0-44B4-A230-27AA60534D9A}"
EndProject
Project("{9A19103F-16F7-4668-BE54-9A1E7A4F7556}") = "Infrastructure", "Infrastructure\Infrastructure.csproj", "{BEA86AA5-64DE-4703-A4FF-E21664DA4943}"
EndProject
Project("{2150E333-8FDC-42A3-9474-1A3956D46DE8}") = "Domain", "Domain", "{7E6E5101-AA4D-4265-B2EB-76D493D785BA}"
EndProject
Project("{2150E333-8FDC-42A3-9474-1A3956D46DE8}") = "Application", "Application", "{9F493F12-4006-469F-B556-3ABB596174B7}"
EndProject
Project("{2150E333-8FDC-42A3-9474-1A3956D46DE8}") = "Infrastructure", "Infrastructure", "{2B3EEFEF-9D71-4839-8D88-025A05DB8792}"
EndProject
Project("{2150E333-8FDC-42A3-9474-1A3956D46DE8}") = "WebUI", "WebUI", "{497BD6C8-378D-44AA-8F5F-80A450EE4D9C}"
EndProject
Project("{2150E333-8FDC-42A3-9474-1A3956D46DE8}") = "Entities", "Entities", "{55CDA025-C32A-423B-8A61-6A11C9E90CC8}"
EndProject
Project("{2150E333-8FDC-42A3-9474-1A3956D46DE8}") = "Exceptions", "Exceptions", "{0B030776-3FE7-4DA5-9CC8-95CA0926F6CE}"
EndProject
Global
	GlobalSection(SolutionConfigurationPlatforms) = preSolution
		Debug|Any CPU = Debug|Any CPU
		Release|Any CPU = Release|Any CPU
	EndGlobalSection
	GlobalSection(ProjectConfigurationPlatforms) = postSolution
		{67142BF8-B0CC-4E46-B673-2525A874124F}.Debug|Any CPU.ActiveCfg = Debug|Any CPU
		{67142BF8-B0CC-4E46-B673-2525A874124F}.Debug|Any CPU.Build.0 = Debug|Any CPU
		{67142BF8-B0CC-4E46-B673-2525A874124F}.Release|Any CPU.ActiveCfg = Release|Any CPU
		{67142BF8-B0CC-4E46-B673-2525A874124F}.Release|Any CPU.Build.0 = Release|Any CPU
		{C209006D-5B54-4ACC-B357-ABC3DEB0E4B0}.Debug|Any CPU.ActiveCfg = Debug|Any CPU
		{C209006D-5B54-4ACC-B357-ABC3DEB0E4B0}.Debug|Any CPU.Build.0 = Debug|Any CPU
		{C209006D-5B54-4ACC-B357-ABC3DEB0E4B0}.Release|Any CPU.ActiveCfg = Release|Any CPU
		{C209006D-5B54-4ACC-B357-ABC3DEB0E4B0}.Release|Any CPU.Build.0 = Release|Any CPU
		{52240876-23A0-44B4-A230-27AA60534D9A}.Debug|Any CPU.ActiveCfg = Debug|Any CPU
		{52240876-23A0-44B4-A230-27AA60534D9A}.Debug|Any CPU.Build.0 = Debug|Any CPU
		{52240876-23A0-44B4-A230-27AA60534D9A}.Release|Any CPU.ActiveCfg = Release|Any CPU
		{52240876-23A0-44B4-A230-27AA60534D9A}.Release|Any CPU.Build.0 = Release|Any CPU
		{BEA86AA5-64DE-4703-A4FF-E21664DA4943}.Debug|Any CPU.ActiveCfg = Debug|Any CPU
		{BEA86AA5-64DE-4703-A4FF-E21664DA4943}.Debug|Any CPU.Build.0 = Debug|Any CPU
		{BEA86AA5-64DE-4703-A4FF-E21664DA4943}.Release|Any CPU.ActiveCfg = Release|Any CPU
		{BEA86AA5-64DE-4703-A4FF-E21664DA4943}.Release|Any CPU.Build.0 = Release|Any CPU
	EndGlobalSection
	GlobalSection(SolutionProperties) = preSolution
		HideSolutionNode = FALSE
	EndGlobalSection
	GlobalSection(NestedProjects) = preSolution
		{67142BF8-B0CC-4E46-B673-2525A874124F} = {497BD6C8-378D-44AA-8F5F-80A450EE4D9C}
		{C209006D-5B54-4ACC-B357-ABC3DEB0E4B0} = {7E6E5101-AA4D-4265-B2EB-76D493D785BA}
		{52240876-23A0-44B4-A230-27AA60534D9A} = {9F493F12-4006-469F-B556-3ABB596174B7}
		{BEA86AA5-64DE-4703-A4FF-E21664DA4943} = {2B3EEFEF-9D71-4839-8D88-025A05DB8792}
		{7E6E5101-AA4D-4265-B2EB-76D493D785BA} = {C54A932B-334B-4EC4-8FF0-6B37D80F1825}
		{9F493F12-4006-469F-B556-3ABB596174B7} = {C54A932B-334B-4EC4-8FF0-6B37D80F1825}
		{2B3EEFEF-9D71-4839-8D88-025A05DB8792} = {C54A932B-334B-4EC4-8FF0-6B37D80F1825}
		{497BD6C8-378D-44AA-8F5F-80A450EE4D9C} = {C54A932B-334B-4EC4-8FF0-6B37D80F1825}
		{55CDA025-C32A-423B-8A61-6A11C9E90CC8} = {7E6E5101-AA4D-4265-B2EB-76D493D785BA}
		{0B030776-3FE7-4DA5-9CC8-95CA0926F6CE} = {7E6E5101-AA4D-4265-B2EB-76D493D785BA}
	EndGlobalSection
	GlobalSection(ExtensibilityGlobals) = postSolution
		SolutionGuid = {3FE9AD1F-059A-4E21-BF84-B1A43F97930C}
	EndGlobalSection
EndGlobal
